// !$*UTF8*$!
{
	archiveVersion = 1;
	classes = {
	};
	objectVersion = 46;
	objects = {

/* Begin PBXBuildFile section */
		317A190E1939B04D00D19BC3 /* Foundation.framework in Frameworks */ = {isa = PBXBuildFile; fileRef = 317A190D1939B04D00D19BC3 /* Foundation.framework */; };
		317A19101939B04D00D19BC3 /* CoreGraphics.framework in Frameworks */ = {isa = PBXBuildFile; fileRef = 317A190F1939B04D00D19BC3 /* CoreGraphics.framework */; };
		317A19121939B04D00D19BC3 /* UIKit.framework in Frameworks */ = {isa = PBXBuildFile; fileRef = 317A19111939B04D00D19BC3 /* UIKit.framework */; };
		317A19181939B04D00D19BC3 /* InfoPlist.strings in Resources */ = {isa = PBXBuildFile; fileRef = 317A19161939B04D00D19BC3 /* InfoPlist.strings */; };
		317A191A1939B04D00D19BC3 /* main.m in Sources */ = {isa = PBXBuildFile; fileRef = 317A19191939B04D00D19BC3 /* main.m */; };
		317A191E1939B04D00D19BC3 /* AppDelegate.m in Sources */ = {isa = PBXBuildFile; fileRef = 317A191D1939B04D00D19BC3 /* AppDelegate.m */; };
		317A19211939B04D00D19BC3 /* Main.storyboard in Resources */ = {isa = PBXBuildFile; fileRef = 317A191F1939B04D00D19BC3 /* Main.storyboard */; };
		317A19241939B04D00D19BC3 /* ViewController.m in Sources */ = {isa = PBXBuildFile; fileRef = 317A19231939B04D00D19BC3 /* ViewController.m */; };
		317A19261939B04D00D19BC3 /* Images.xcassets in Resources */ = {isa = PBXBuildFile; fileRef = 317A19251939B04D00D19BC3 /* Images.xcassets */; };
		317A192D1939B04D00D19BC3 /* XCTest.framework in Frameworks */ = {isa = PBXBuildFile; fileRef = 317A192C1939B04D00D19BC3 /* XCTest.framework */; };
		317A192E1939B04D00D19BC3 /* Foundation.framework in Frameworks */ = {isa = PBXBuildFile; fileRef = 317A190D1939B04D00D19BC3 /* Foundation.framework */; };
		317A192F1939B04E00D19BC3 /* UIKit.framework in Frameworks */ = {isa = PBXBuildFile; fileRef = 317A19111939B04D00D19BC3 /* UIKit.framework */; };
		317A19371939B04E00D19BC3 /* InfoPlist.strings in Resources */ = {isa = PBXBuildFile; fileRef = 317A19351939B04E00D19BC3 /* InfoPlist.strings */; };
		317A19391939B04E00D19BC3 /* projectGithubTests.m in Sources */ = {isa = PBXBuildFile; fileRef = 317A19381939B04E00D19BC3 /* projectGithubTests.m */; };
/* End PBXBuildFile section */

/* Begin PBXContainerItemProxy section */
		317A19301939B04E00D19BC3 /* PBXContainerItemProxy */ = {
			isa = PBXContainerItemProxy;
			containerPortal = 317A19021939B04D00D19BC3 /* Project object */;
			proxyType = 1;
			remoteGlobalIDString = 317A19091939B04D00D19BC3;
			remoteInfo = projectGithub;
		};
/* End PBXContainerItemProxy section */

/* Begin PBXFileReference section */
		317A190A1939B04D00D19BC3 /* projectGithub.app */ = {isa = PBXFileReference; explicitFileType = wrapper.application; includeInIndex = 0; path = projectGithub.app; sourceTree = BUILT_PRODUCTS_DIR; };
		317A190D1939B04D00D19BC3 /* Foundation.framework */ = {isa = PBXFileReference; lastKnownFileType = wrapper.framework; name = Foundation.framework; path = System/Library/Frameworks/Foundation.framework; sourceTree = SDKROOT; };
		317A190F1939B04D00D19BC3 /* CoreGraphics.framework */ = {isa = PBXFileReference; lastKnownFileType = wrapper.framework; name = CoreGraphics.framework; path = System/Library/Frameworks/CoreGraphics.framework; sourceTree = SDKROOT; };
		317A19111939B04D00D19BC3 /* UIKit.framework */ = {isa = PBXFileReference; lastKnownFileType = wrapper.framework; name = UIKit.framework; path = System/Library/Frameworks/UIKit.framework; sourceTree = SDKROOT; };
		317A19151939B04D00D19BC3 /* projectGithub-Info.plist */ = {isa = PBXFileReference; lastKnownFileType = text.plist.xml; path = "projectGithub-Info.plist"; sourceTree = "<group>"; };
		317A19171939B04D00D19BC3 /* en */ = {isa = PBXFileReference; lastKnownFileType = text.plist.strings; name = en; path = en.lproj/InfoPlist.strings; sourceTree = "<group>"; };
		317A19191939B04D00D19BC3 /* main.m */ = {isa = PBXFileReference; lastKnownFileType = sourcecode.c.objc; path = main.m; sourceTree = "<group>"; };
		317A191B1939B04D00D19BC3 /* projectGithub-Prefix.pch */ = {isa = PBXFileReference; lastKnownFileType = sourcecode.c.h; path = "projectGithub-Prefix.pch"; sourceTree = "<group>"; };
		317A191C1939B04D00D19BC3 /* AppDelegate.h */ = {isa = PBXFileReference; lastKnownFileType = sourcecode.c.h; path = AppDelegate.h; sourceTree = "<group>"; };
		317A191D1939B04D00D19BC3 /* AppDelegate.m */ = {isa = PBXFileReference; lastKnownFileType = sourcecode.c.objc; path = AppDelegate.m; sourceTree = "<group>"; };
		317A19201939B04D00D19BC3 /* Base */ = {isa = PBXFileReference; lastKnownFileType = file.storyboard; name = Base; path = Base.lproj/Main.storyboard; sourceTree = "<group>"; };
		317A19221939B04D00D19BC3 /* ViewController.h */ = {isa = PBXFileReference; lastKnownFileType = sourcecode.c.h; path = ViewController.h; sourceTree = "<group>"; };
		317A19231939B04D00D19BC3 /* ViewController.m */ = {isa = PBXFileReference; lastKnownFileType = sourcecode.c.objc; path = ViewController.m; sourceTree = "<group>"; };
		317A19251939B04D00D19BC3 /* Images.xcassets */ = {isa = PBXFileReference; lastKnownFileType = folder.assetcatalog; path = Images.xcassets; sourceTree = "<group>"; };
		317A192B1939B04D00D19BC3 /* projectGithubTests.xctest */ = {isa = PBXFileReference; explicitFileType = wrapper.cfbundle; includeInIndex = 0; path = projectGithubTests.xctest; sourceTree = BUILT_PRODUCTS_DIR; };
		317A192C1939B04D00D19BC3 /* XCTest.framework */ = {isa = PBXFileReference; lastKnownFileType = wrapper.framework; name = XCTest.framework; path = Library/Frameworks/XCTest.framework; sourceTree = DEVELOPER_DIR; };
		317A19341939B04E00D19BC3 /* projectGithubTests-Info.plist */ = {isa = PBXFileReference; lastKnownFileType = text.plist.xml; path = "projectGithubTests-Info.plist"; sourceTree = "<group>"; };
		317A19361939B04E00D19BC3 /* en */ = {isa = PBXFileReference; lastKnownFileType = text.plist.strings; name = en; path = en.lproj/InfoPlist.strings; sourceTree = "<group>"; };
		317A19381939B04E00D19BC3 /* projectGithubTests.m */ = {isa = PBXFileReference; lastKnownFileType = sourcecode.c.objc; path = projectGithubTests.m; sourceTree = "<group>"; };
/* End PBXFileReference section */

/* Begin PBXFrameworksBuildPhase section */
		317A19071939B04D00D19BC3 /* Frameworks */ = {
			isa = PBXFrameworksBuildPhase;
			buildActionMask = 2147483647;
			files = (
				317A19101939B04D00D19BC3 /* CoreGraphics.framework in Frameworks */,
				317A19121939B04D00D19BC3 /* UIKit.framework in Frameworks */,
				317A190E1939B04D00D19BC3 /* Foundation.framework in Frameworks */,
			);
			runOnlyForDeploymentPostprocessing = 0;
		};
		317A19281939B04D00D19BC3 /* Frameworks */ = {
			isa = PBXFrameworksBuildPhase;
			buildActionMask = 2147483647;
			files = (
				317A192D1939B04D00D19BC3 /* XCTest.framework in Frameworks */,
				317A192F1939B04E00D19BC3 /* UIKit.framework in Frameworks */,
				317A192E1939B04D00D19BC3 /* Foundation.framework in Frameworks */,
			);
			runOnlyForDeploymentPostprocessing = 0;
		};
/* End PBXFrameworksBuildPhase section */

/* Begin PBXGroup section */
		317A19011939B04D00D19BC3 = {
			isa = PBXGroup;
			children = (
				317A19131939B04D00D19BC3 /* projectGithub */,
				317A19321939B04E00D19BC3 /* projectGithubTests */,
				317A190C1939B04D00D19BC3 /* Frameworks */,
				317A190B1939B04D00D19BC3 /* Products */,
			);
			sourceTree = "<group>";
		};
		317A190B1939B04D00D19BC3 /* Products */ = {
			isa = PBXGroup;
			children = (
				317A190A1939B04D00D19BC3 /* projectGithub.app */,
				317A192B1939B04D00D19BC3 /* projectGithubTests.xctest */,
			);
			name = Products;
			sourceTree = "<group>";
		};
		317A190C1939B04D00D19BC3 /* Frameworks */ = {
			isa = PBXGroup;
			children = (
				317A190D1939B04D00D19BC3 /* Foundation.framework */,
				317A190F1939B04D00D19BC3 /* CoreGraphics.framework */,
				317A19111939B04D00D19BC3 /* UIKit.framework */,
				317A192C1939B04D00D19BC3 /* XCTest.framework */,
			);
			name = Frameworks;
			sourceTree = "<group>";
		};
		317A19131939B04D00D19BC3 /* projectGithub */ = {
			isa = PBXGroup;
			children = (
				317A191C1939B04D00D19BC3 /* AppDelegate.h */,
				317A191D1939B04D00D19BC3 /* AppDelegate.m */,
				317A191F1939B04D00D19BC3 /* Main.storyboard */,
				317A19221939B04D00D19BC3 /* ViewController.h */,
				317A19231939B04D00D19BC3 /* ViewController.m */,
				317A19251939B04D00D19BC3 /* Images.xcassets */,
				317A19141939B04D00D19BC3 /* Supporting Files */,
			);
			path = projectGithub;
			sourceTree = "<group>";
		};
		317A19141939B04D00D19BC3 /* Supporting Files */ = {
			isa = PBXGroup;
			children = (
				317A19151939B04D00D19BC3 /* projectGithub-Info.plist */,
				317A19161939B04D00D19BC3 /* InfoPlist.strings */,
				317A19191939B04D00D19BC3 /* main.m */,
				317A191B1939B04D00D19BC3 /* projectGithub-Prefix.pch */,
			);
			name = "Supporting Files";
			sourceTree = "<group>";
		};
		317A19321939B04E00D19BC3 /* projectGithubTests */ = {
			isa = PBXGroup;
			children = (
				317A19381939B04E00D19BC3 /* projectGithubTests.m */,
				317A19331939B04E00D19BC3 /* Supporting Files */,
			);
			path = projectGithubTests;
			sourceTree = "<group>";
		};
		317A19331939B04E00D19BC3 /* Supporting Files */ = {
			isa = PBXGroup;
			children = (
				317A19341939B04E00D19BC3 /* projectGithubTests-Info.plist */,
				317A19351939B04E00D19BC3 /* InfoPlist.strings */,
			);
			name = "Supporting Files";
			sourceTree = "<group>";
		};
/* End PBXGroup section */

/* Begin PBXNativeTarget section */
		317A19091939B04D00D19BC3 /* projectGithub */ = {
			isa = PBXNativeTarget;
			buildConfigurationList = 317A193C1939B04E00D19BC3 /* Build configuration list for PBXNativeTarget "projectGithub" */;
			buildPhases = (
				317A19061939B04D00D19BC3 /* Sources */,
				317A19071939B04D00D19BC3 /* Frameworks */,
				317A19081939B04D00D19BC3 /* Resources */,
			);
			buildRules = (
			);
			dependencies = (
			);
			name = projectGithub;
			productName = projectGithub;
			productReference = 317A190A1939B04D00D19BC3 /* projectGithub.app */;
			productType = "com.apple.product-type.application";
		};
		317A192A1939B04D00D19BC3 /* projectGithubTests */ = {
			isa = PBXNativeTarget;
			buildConfigurationList = 317A193F1939B04E00D19BC3 /* Build configuration list for PBXNativeTarget "projectGithubTests" */;
			buildPhases = (
				317A19271939B04D00D19BC3 /* Sources */,
				317A19281939B04D00D19BC3 /* Frameworks */,
				317A19291939B04D00D19BC3 /* Resources */,
			);
			buildRules = (
			);
			dependencies = (
				317A19311939B04E00D19BC3 /* PBXTargetDependency */,
			);
			name = projectGithubTests;
			productName = projectGithubTests;
			productReference = 317A192B1939B04D00D19BC3 /* projectGithubTests.xctest */;
			productType = "com.apple.product-type.bundle.unit-test";
		};
/* End PBXNativeTarget section */

/* Begin PBXProject section */
		317A19021939B04D00D19BC3 /* Project object */ = {
			isa = PBXProject;
			attributes = {
				LastUpgradeCheck = 0510;
				ORGANIZATIONNAME = "Mikaila Akeredolu";
				TargetAttributes = {
					317A192A1939B04D00D19BC3 = {
						TestTargetID = 317A19091939B04D00D19BC3;
					};
				};
			};
			buildConfigurationList = 317A19051939B04D00D19BC3 /* Build configuration list for PBXProject "projectGithub" */;
			compatibilityVersion = "Xcode 3.2";
			developmentRegion = English;
			hasScannedForEncodings = 0;
			knownRegions = (
				en,
				Base,
			);
			mainGroup = 317A19011939B04D00D19BC3;
			productRefGroup = 317A190B1939B04D00D19BC3 /* Products */;
			projectDirPath = "";
			projectRoot = "";
			targets = (
				317A19091939B04D00D19BC3 /* projectGithub */,
				317A192A1939B04D00D19BC3 /* projectGithubTests */,
			);
		};
/* End PBXProject section */

/* Begin PBXResourcesBuildPhase section */
		317A19081939B04D00D19BC3 /* Resources */ = {
			isa = PBXResourcesBuildPhase;
			buildActionMask = 2147483647;
			files = (
				317A19261939B04D00D19BC3 /* Images.xcassets in Resources */,
				317A19181939B04D00D19BC3 /* InfoPlist.strings in Resources */,
				317A19211939B04D00D19BC3 /* Main.storyboard in Resources */,
			);
			runOnlyForDeploymentPostprocessing = 0;
		};
		317A19291939B04D00D19BC3 /* Resources */ = {
			isa = PBXResourcesBuildPhase;
			buildActionMask = 2147483647;
			files = (
				317A19371939B04E00D19BC3 /* InfoPlist.strings in Resources */,
			);
			runOnlyForDeploymentPostprocessing = 0;
		};
/* End PBXResourcesBuildPhase section */

/* Begin PBXSourcesBuildPhase section */
		317A19061939B04D00D19BC3 /* Sources */ = {
			isa = PBXSourcesBuildPhase;
			buildActionMask = 2147483647;
			files = (
				317A19241939B04D00D19BC3 /* ViewController.m in Sources */,
				317A191E1939B04D00D19BC3 /* AppDelegate.m in Sources */,
				317A191A1939B04D00D19BC3 /* main.m in Sources */,
			);
			runOnlyForDeploymentPostprocessing = 0;
		};
		317A19271939B04D00D19BC3 /* Sources */ = {
			isa = PBXSourcesBuildPhase;
			buildActionMask = 2147483647;
			files = (
				317A19391939B04E00D19BC3 /* projectGithubTests.m in Sources */,
			);
			runOnlyForDeploymentPostprocessing = 0;
		};
/* End PBXSourcesBuildPhase section */

/* Begin PBXTargetDependency section */
		317A19311939B04E00D19BC3 /* PBXTargetDependency */ = {
			isa = PBXTargetDependency;
			target = 317A19091939B04D00D19BC3 /* projectGithub */;
			targetProxy = 317A19301939B04E00D19BC3 /* PBXContainerItemProxy */;
		};
/* End PBXTargetDependency section */

/* Begin PBXVariantGroup section */
		317A19161939B04D00D19BC3 /* InfoPlist.strings */ = {
			isa = PBXVariantGroup;
			children = (
				317A19171939B04D00D19BC3 /* en */,
			);
			name = InfoPlist.strings;
			sourceTree = "<group>";
		};
		317A191F1939B04D00D19BC3 /* Main.storyboard */ = {
			isa = PBXVariantGroup;
			children = (
				317A19201939B04D00D19BC3 /* Base */,
			);
			name = Main.storyboard;
			sourceTree = "<group>";
		};
		317A19351939B04E00D19BC3 /* InfoPlist.strings */ = {
			isa = PBXVariantGroup;
			children = (
				317A19361939B04E00D19BC3 /* en */,
			);
			name = InfoPlist.strings;
			sourceTree = "<group>";
		};
/* End PBXVariantGroup section */

/* Begin XCBuildConfiguration section */
		317A193A1939B04E00D19BC3 /* Debug */ = {
			isa = XCBuildConfiguration;
			buildSettings = {
				ALWAYS_SEARCH_USER_PATHS = NO;
				CLANG_CXX_LANGUAGE_STANDARD = "gnu++0x";
				CLANG_CXX_LIBRARY = "libc++";
				CLANG_ENABLE_MODULES = YES;
				CLANG_ENABLE_OBJC_ARC = YES;
				CLANG_WARN_BOOL_CONVERSION = YES;
				CLANG_WARN_CONSTANT_CONVERSION = YES;
				CLANG_WARN_DIRECT_OBJC_ISA_USAGE = YES_ERROR;
				CLANG_WARN_EMPTY_BODY = YES;
				CLANG_WARN_ENUM_CONVERSION = YES;
				CLANG_WARN_INT_CONVERSION = YES;
				CLANG_WARN_OBJC_ROOT_CLASS = YES_ERROR;
				CLANG_WARN__DUPLICATE_METHOD_MATCH = YES;
				"CODE_SIGN_IDENTITY[sdk=iphoneos*]" = "iPhone Developer";
				COPY_PHASE_STRIP = NO;
				GCC_C_LANGUAGE_STANDARD = gnu99;
				GCC_DYNAMIC_NO_PIC = NO;
				GCC_OPTIMIZATION_LEVEL = 0;
				GCC_PREPROCESSOR_DEFINITIONS = (
					"DEBUG=1",
					"$(inherited)",
				);
				GCC_SYMBOLS_PRIVATE_EXTERN = NO;
				GCC_WARN_64_TO_32_BIT_CONVERSION = YES;
				GCC_WARN_ABOUT_RETURN_TYPE = YES_ERROR;
				GCC_WARN_UNDECLARED_SELECTOR = YES;
				GCC_WARN_UNINITIALIZED_AUTOS = YES_AGGRESSIVE;
				GCC_WARN_UNUSED_FUNCTION = YES;
				GCC_WARN_UNUSED_VARIABLE = YES;
				IPHONEOS_DEPLOYMENT_TARGET = 7.1;
				ONLY_ACTIVE_ARCH = YES;
				SDKROOT = iphoneos;
			};
			name = Debug;
		};
		317A193B1939B04E00D19BC3 /* Release */ = {
			isa = XCBuildConfiguration;
			buildSettings = {
				ALWAYS_SEARCH_USER_PATHS = NO;
				CLANG_CXX_LANGUAGE_STANDARD = "gnu++0x";
				CLANG_CXX_LIBRARY = "libc++";
				CLANG_ENABLE_MODULES = YES;
				CLANG_ENABLE_OBJC_ARC = YES;
				CLANG_WARN_BOOL_CONVERSION = YES;
				CLANG_WARN_CONSTANT_CONVERSION = YES;
				CLANG_WARN_DIRECT_OBJC_ISA_USAGE = YES_ERROR;
				CLANG_WARN_EMPTY_BODY = YES;
				CLANG_WARN_ENUM_CONVERSION = YES;
				CLANG_WARN_INT_CONVERSION = YES;
				CLANG_WARN_OBJC_ROOT_CLASS = YES_ERROR;
				CLANG_WARN__DUPLICATE_METHOD_MATCH = YES;
				"CODE_SIGN_IDENTITY[sdk=iphoneos*]" = "iPhone Developer";
				COPY_PHASE_STRIP = YES;
				ENABLE_NS_ASSERTIONS = NO;
				GCC_C_LANGUAGE_STANDARD = gnu99;
				GCC_WARN_64_TO_32_BIT_CONVERSION = YES;
				GCC_WARN_ABOUT_RETURN_TYPE = YES_ERROR;
				GCC_WARN_UNDECLARED_SELECTOR = YES;
				GCC_WARN_UNINITIALIZED_AUTOS = YES_AGGRESSIVE;
				GCC_WARN_UNUSED_FUNCTION = YES;
				GCC_WARN_UNUSED_VARIABLE = YES;
				IPHONEOS_DEPLOYMENT_TARGET = 7.1;
				SDKROOT = iphoneos;
				VALIDATE_PRODUCT = YES;
			};
			name = Release;
		};
		317A193D1939B04E00D19BC3 /* Debug */ = {
			isa = XCBuildConfiguration;
			buildSettings = {
				ASSETCATALOG_COMPILER_APPICON_NAME = AppIcon;
				ASSETCATALOG_COMPILER_LAUNCHIMAGE_NAME = LaunchImage;
				GCC_PRECOMPILE_PREFIX_HEADER = YES;
				GCC_PREFIX_HEADER = "projectGithub/projectGithub-Prefix.pch";
				INFOPLIST_FILE = "projectGithub/projectGithub-Info.plist";
				PRODUCT_NAME = "$(TARGET_NAME)";
				WRAPPER_EXTENSION = app;
			};
			name = Debug;
		};
		317A193E1939B04E00D19BC3 /* Release */ = {
			isa = XCBuildConfiguration;
			buildSettings = {
				ASSETCATALOG_COMPILER_APPICON_NAME = AppIcon;
				ASSETCATALOG_COMPILER_LAUNCHIMAGE_NAME = LaunchImage;
				GCC_PRECOMPILE_PREFIX_HEADER = YES;
				GCC_PREFIX_HEADER = "projectGithub/projectGithub-Prefix.pch";
				INFOPLIST_FILE = "projectGithub/projectGithub-Info.plist";
				PRODUCT_NAME = "$(TARGET_NAME)";
				WRAPPER_EXTENSION = app;
			};
			name = Release;
		};
		317A19401939B04E00D19BC3 /* Debug */ = {
			isa = XCBuildConfiguration;
			buildSettings = {
				BUNDLE_LOADER = "$(BUILT_PRODUCTS_DIR)/projectGithub.app/projectGithub";
				FRAMEWORK_SEARCH_PATHS = (
					"$(SDKROOT)/Developer/Library/Frameworks",
					"$(inherited)",
					"$(DEVELOPER_FRAMEWORKS_DIR)",
				);
				GCC_PRECOMPILE_PREFIX_HEADER = YES;
				GCC_PREFIX_HEADER = "projectGithub/projectGithub-Prefix.pch";
				GCC_PREPROCESSOR_DEFINITIONS = (
					"DEBUG=1",
					"$(inherited)",
				);
				INFOPLIST_FILE = "projectGithubTests/projectGithubTests-Info.plist";
				PRODUCT_NAME = "$(TARGET_NAME)";
				TEST_HOST = "$(BUNDLE_LOADER)";
				WRAPPER_EXTENSION = xctest;
			};
			name = Debug;
		};
		317A19411939B04E00D19BC3 /* Release */ = {
			isa = XCBuildConfiguration;
			buildSettings = {
				BUNDLE_LOADER = "$(BUILT_PRODUCTS_DIR)/projectGithub.app/projectGithub";
				FRAMEWORK_SEARCH_PATHS = (
					"$(SDKROOT)/Developer/Library/Frameworks",
					"$(inherited)",
					"$(DEVELOPER_FRAMEWORKS_DIR)",
				);
				GCC_PRECOMPILE_PREFIX_HEADER = YES;
				GCC_PREFIX_HEADER = "projectGithub/projectGithub-Prefix.pch";
				INFOPLIST_FILE = "projectGithubTests/projectGithubTests-Info.plist";
				PRODUCT_NAME = "$(TARGET_NAME)";
				TEST_HOST = "$(BUNDLE_LOADER)";
				WRAPPER_EXTENSION = xctest;
			};
			name = Release;
		};
/* End XCBuildConfiguration section */

/* Begin XCConfigurationList section */
		317A19051939B04D00D19BC3 /* Build configuration list for PBXProject "projectGithub" */ = {
			isa = XCConfigurationList;
			buildConfigurations = (
				317A193A1939B04E00D19BC3 /* Debug */,
				317A193B1939B04E00D19BC3 /* Release */,
			);
			defaultConfigurationIsVisible = 0;
			defaultConfigurationName = Release;
		};
		317A193C1939B04E00D19BC3 /* Build configuration list for PBXNativeTarget "projectGithub" */ = {
			isa = XCConfigurationList;
			buildConfigurations = (
				317A193D1939B04E00D19BC3 /* Debug */,
				317A193E1939B04E00D19BC3 /* Release */,
			);
			defaultConfigurationIsVisible = 0;
		};
		317A193F1939B04E00D19BC3 /* Build configuration list for PBXNativeTarget "projectGithubTests" */ = {
			isa = XCConfigurationList;
			buildConfigurations = (
				317A19401939B04E00D19BC3 /* Debug */,
				317A19411939B04E00D19BC3 /* Release */,
			);
			defaultConfigurationIsVisible = 0;
		};
/* End XCConfigurationList section */
	};
	rootObject = 317A19021939B04D00D19BC3 /* Project object */;
}
